{
  "nodes": {
    "nixpkgs": {
      "locked": {
        "lastModified": 1728018373,
        "narHash": "sha256-NOiTvBbRLIOe5F6RbHaAh6++BNjsb149fGZd1T4+KBg=",
        "owner": "nixos",
        "repo": "nixpkgs",
        "rev": "bc947f541ae55e999ffdb4013441347d83b00feb",
        "type": "github"
      },
      "original": {
        "owner": "nixos",
        "ref": "nixos-unstable",
        "repo": "nixpkgs",
        "type": "github"
      }
    },
    "nixpkgs_2": {
      "locked": {
        "lastModified": 0,
        "narHash": "sha256-8BO3B7e3BiyIDsaKA0tY8O88rClYRTjvAp66y+VBUeU=",
        "path": "/nix/store/qzjidyx3fip413vg7by6ibl22lwizc68-source",
        "type": "path"
      },
      "original": {
        "id": "nixpkgs",
        "type": "indirect"
      }
    },
    "playdate-sdk": {
      "inputs": {
        "nixpkgs": "nixpkgs_2"
      },
      "locked": {
        "lastModified": 1722730531,
        "narHash": "sha256-90XPhp+QPAisU9I6hCjHnw/jZoGZcsLTkGt/QJ3e+Ig=",
        "owner": "RegularTetragon",
        "repo": "playdate-sdk-flake",
        "rev": "4f2125aedaeeeb7cd07742730a1218cafe20ed01",
        "type": "github"
      },
      "original": {
        "owner": "RegularTetragon",
        "repo": "playdate-sdk-flake",
        "type": "github"
      }
    },
    "root": {
      "inputs": {
        "nixpkgs": "nixpkgs",
        "playdate-sdk": "playdate-sdk"
      }
    }
  },
  "root": "root",
  "version": 7
}
